PODS:
  - AppAuth (0.95.0)
  - SVProgressHUD (2.2.5)

DEPENDENCIES:
  - AppAuth
  - SVProgressHUD

SPEC REPOS:
  https://github.com/cocoapods/specs.git:
    - AppAuth
    - SVProgressHUD

SPEC CHECKSUMS:
  AppAuth: 137f6bb6fc9dfbaf2cf9f6fcff1d336ff0163bc6
  SVProgressHUD: 1428aafac632c1f86f62aa4243ec12008d7a51d6

PODFILE CHECKSUM: acd78c2dfdfa70526fcf99550a4fa36eaf618319

COCOAPODS: 1.6.0
